
Microsoft Visual Studio Solution File, Format Version 12.00
# Visual Studio 15
VisualStudioVersion = 15.0.28307.779
MinimumVisualStudioVersion = 10.0.40219.1
Project("{FAE04EC0-301F-11D3-BF4B-00C04F79EFBC}") = "SIGEM_BIDSS", "SIGEM_BIDSS\SIGEM_BIDSS.csproj", "{59F07EB1-9EEA-4397-AC09-778BC8092B04}"
EndProject
Global
	GlobalSection(SolutionConfigurationPlatforms) = preSolution
		Debug|Any CPU = Debug|Any CPU
		Release|Any CPU = Release|Any CPU
	EndGlobalSection
	GlobalSection(ProjectConfigurationPlatforms) = postSolution
		{59F07EB1-9EEA-4397-AC09-778BC8092B04}.Debug|Any CPU.ActiveCfg = Debug|Any CPU
		{59F07EB1-9EEA-4397-AC09-778BC8092B04}.Debug|Any CPU.Build.0 = Debug|Any CPU
		{59F07EB1-9EEA-4397-AC09-778BC8092B04}.Release|Any CPU.ActiveCfg = Release|Any CPU
		{59F07EB1-9EEA-4397-AC09-778BC8092B04}.Release|Any CPU.Build.0 = Release|Any CPU
	EndGlobalSection
	GlobalSection(SolutionProperties) = preSolution
		HideSolutionNode = FALSE
	EndGlobalSection
	GlobalSection(ExtensibilityGlobals) = postSolution
		SolutionGuid = {B15801B0-6E38-4241-9A1D-E5D3859C5964}
	EndGlobalSection
EndGlobal
